{
  "name": "solythesis",
  "version": "1.0.0",
  "lockfileVersion": 1,
  "requires": true,
  "dependencies": {
    "@types/node": {
      "version": "11.12.0",
      "resolved": "https://registry.npmjs.org/@types/node/-/node-11.12.0.tgz",
      "integrity": "sha512-Lg00egj78gM+4aE0Erw05cuDbvX9sLJbaaPwwRtdCdAMnIudqrQZ0oZX98Ek0yiSK/A2nubHgJfvII/rTT2Dwg==",
      "dev": true
    },
    "antlr4ts": {
      "version": "0.5.0-alpha.3",
      "resolved": "https://registry.npmjs.org/antlr4ts/-/antlr4ts-0.5.0-alpha.3.tgz",
      "integrity": "sha512-La89tKkGcHFIVuruv4Bm1esc3zLmES2NOTEwwNS1pudz+zx/0FNqQeUu9p48i9/QHKPVqjN87LB+q3buTg7oDQ=="
    },
    "antlr4ts-cli": {
      "version": "0.5.0-alpha.3",
      "resolved": "https://registry.npmjs.org/antlr4ts-cli/-/antlr4ts-cli-0.5.0-alpha.3.tgz",
      "integrity": "sha512-i6oyxfaXU6qnw4HgyeSIsOLlsvT7zU3vmenoJKFNVFP1QNodtJMZYpnyxc8TmOFpJs7fEoWanLavSSDEmcCZBQ==",
      "dev": true
    },
    "solidity-parser-antlr": {
      "version": "git+https://github.com/federicobond/solidity-parser-antlr.git#1537bd8508c39b804a1d8e4fad540a6dab41ac68",
      "from": "git+https://github.com/federicobond/solidity-parser-antlr.git"
    },
    "typescript": {
      "version": "3.3.4000",
      "resolved": "https://registry.npmjs.org/typescript/-/typescript-3.3.4000.tgz",
      "integrity": "sha512-jjOcCZvpkl2+z7JFn0yBOoLQyLoIkNZAs/fYJkUG6VKy6zLPHJGfQJYFHzibB6GJaF/8QrcECtlQ5cpvRHSMEA==",
      "dev": true
    }
  }
}
